{
  "version": 4,
  "terraform_version": "1.3.9",
  "serial": 8,
  "lineage": "11a872cd-a65c-9f63-9316-102bc2e61f7b",
  "outputs": {},
  "resources": [
    {
      "mode": "managed",
      "type": "azurerm_resource_group",
      "name": "rg",
      "provider": "provider[\"registry.terraform.io/hashicorp/azurerm\"]",
      "instances": [
        {
          "schema_version": 0,
          "attributes": {
            "id": "/subscriptions/1fa1a9c3-81cd-48df-a881-db0ab03578f0/resourceGroups/myTFResourceGroup",
            "location": "southindia",
            "name": "myTFResourceGroup",
            "tags": {},
            "timeouts": null
          },
          "sensitive_attributes": [],
          "private": "eyJlMmJmYjczMC1lY2FhLTExZTYtOGY4OC0zNDM2M2JjN2M0YzAiOnsiY3JlYXRlIjo1NDAwMDAwMDAwMDAwLCJkZWxldGUiOjU0MDAwMDAwMDAwMDAsInJlYWQiOjMwMDAwMDAwMDAwMCwidXBkYXRlIjo1NDAwMDAwMDAwMDAwfX0="
        }
      ]
    },
    {
      "mode": "managed",
      "type": "azurerm_storage_account",
      "name": "storageAccount",
      "provider": "provider[\"registry.terraform.io/hashicorp/azurerm\"]",
      "instances": [
        {
          "schema_version": 3,
          "attributes": {
            "access_tier": "Hot",
            "account_kind": "StorageV2",
            "account_replication_type": "LRS",
            "account_tier": "Standard",
            "allow_nested_items_to_be_public": true,
            "azure_files_authentication": [],
            "blob_properties": [
              {
                "change_feed_enabled": false,
                "container_delete_retention_policy": [],
                "cors_rule": [],
                "default_service_version": "",
                "delete_retention_policy": [],
                "last_access_time_enabled": false,
                "versioning_enabled": false
              }
            ],
            "custom_domain": [],
            "customer_managed_key": [],
            "edge_zone": "",
            "enable_https_traffic_only": true,
            "id": "/subscriptions/1fa1a9c3-81cd-48df-a881-db0ab03578f0/resourceGroups/myTFResourceGroup/providers/Microsoft.Storage/storageAccounts/mytfstoragekunj",
            "identity": [],
            "infrastructure_encryption_enabled": false,
            "is_hns_enabled": false,
            "large_file_share_enabled": null,
            "location": "southindia",
            "min_tls_version": "TLS1_2",
            "name": "mytfstoragekunj",
            "network_rules": [
              {
                "bypass": [
                  "AzureServices"
                ],
                "default_action": "Allow",
                "ip_rules": [],
                "private_link_access": [],
                "virtual_network_subnet_ids": []
              }
            ],
            "nfsv3_enabled": false,
            "primary_access_key": "vwq7BqDcF+mptiw80YymnHDHEeNtABcTsfUx/UTL3Cn2eBdRZMqEJrjb83BubomthiPohza7c3Lc+AStxeA5gg==",
            "primary_blob_connection_string": "DefaultEndpointsProtocol=https;BlobEndpoint=https://mytfstoragekunj.blob.core.windows.net/;AccountName=mytfstoragekunj;AccountKey=vwq7BqDcF+mptiw80YymnHDHEeNtABcTsfUx/UTL3Cn2eBdRZMqEJrjb83BubomthiPohza7c3Lc+AStxeA5gg==",
            "primary_blob_endpoint": "https://mytfstoragekunj.blob.core.windows.net/",
            "primary_blob_host": "mytfstoragekunj.blob.core.windows.net",
            "primary_connection_string": "DefaultEndpointsProtocol=https;AccountName=mytfstoragekunj;AccountKey=vwq7BqDcF+mptiw80YymnHDHEeNtABcTsfUx/UTL3Cn2eBdRZMqEJrjb83BubomthiPohza7c3Lc+AStxeA5gg==;EndpointSuffix=core.windows.net",
            "primary_dfs_endpoint": "https://mytfstoragekunj.dfs.core.windows.net/",
            "primary_dfs_host": "mytfstoragekunj.dfs.core.windows.net",
            "primary_file_endpoint": "https://mytfstoragekunj.file.core.windows.net/",
            "primary_file_host": "mytfstoragekunj.file.core.windows.net",
            "primary_location": "southindia",
            "primary_queue_endpoint": "https://mytfstoragekunj.queue.core.windows.net/",
            "primary_queue_host": "mytfstoragekunj.queue.core.windows.net",
            "primary_table_endpoint": "https://mytfstoragekunj.table.core.windows.net/",
            "primary_table_host": "mytfstoragekunj.table.core.windows.net",
            "primary_web_endpoint": "https://mytfstoragekunj.z30.web.core.windows.net/",
            "primary_web_host": "mytfstoragekunj.z30.web.core.windows.net",
            "queue_encryption_key_type": "Service",
            "queue_properties": [
              {
                "cors_rule": [],
                "hour_metrics": [
                  {
                    "enabled": true,
                    "include_apis": true,
                    "retention_policy_days": 7,
                    "version": "1.0"
                  }
                ],
                "logging": [
                  {
                    "delete": false,
                    "read": false,
                    "retention_policy_days": 0,
                    "version": "1.0",
                    "write": false
                  }
                ],
                "minute_metrics": [
                  {
                    "enabled": false,
                    "include_apis": false,
                    "retention_policy_days": 0,
                    "version": "1.0"
                  }
                ]
              }
            ],
            "resource_group_name": "myTFResourceGroup",
            "routing": [],
            "secondary_access_key": "jOdVrEvOhghl8LBd01yxoPmy/HpKXVMm1lViDfQ/6Fh/K58uEAjAFQBuhMlSmDsw10YhuMo1Jmyv+AStku0T8Q==",
            "secondary_blob_connection_string": "",
            "secondary_blob_endpoint": null,
            "secondary_blob_host": null,
            "secondary_connection_string": "DefaultEndpointsProtocol=https;AccountName=mytfstoragekunj;AccountKey=jOdVrEvOhghl8LBd01yxoPmy/HpKXVMm1lViDfQ/6Fh/K58uEAjAFQBuhMlSmDsw10YhuMo1Jmyv+AStku0T8Q==;EndpointSuffix=core.windows.net",
            "secondary_dfs_endpoint": null,
            "secondary_dfs_host": null,
            "secondary_file_endpoint": null,
            "secondary_file_host": null,
            "secondary_location": "",
            "secondary_queue_endpoint": null,
            "secondary_queue_host": null,
            "secondary_table_endpoint": null,
            "secondary_table_host": null,
            "secondary_web_endpoint": null,
            "secondary_web_host": null,
            "share_properties": [
              {
                "cors_rule": [],
                "retention_policy": [
                  {
                    "days": 7
                  }
                ],
                "smb": []
              }
            ],
            "shared_access_key_enabled": true,
            "static_website": [],
            "table_encryption_key_type": "Service",
            "tags": {
              "environment": "staging"
            },
            "timeouts": null
          },
          "sensitive_attributes": [],
          "private": "eyJlMmJmYjczMC1lY2FhLTExZTYtOGY4OC0zNDM2M2JjN2M0YzAiOnsiY3JlYXRlIjozNjAwMDAwMDAwMDAwLCJkZWxldGUiOjM2MDAwMDAwMDAwMDAsInJlYWQiOjMwMDAwMDAwMDAwMCwidXBkYXRlIjozNjAwMDAwMDAwMDAwfSwic2NoZW1hX3ZlcnNpb24iOiIzIn0="
        }
      ]
    },
    {
      "mode": "managed",
      "type": "azurerm_storage_container",
      "name": "storageContainer",
      "provider": "provider[\"registry.terraform.io/hashicorp/azurerm\"]",
      "instances": [
        {
          "schema_version": 1,
          "attributes": {
            "container_access_type": "private",
            "has_immutability_policy": false,
            "has_legal_hold": false,
            "id": "https://mytfstoragekunj.blob.core.windows.net/mytfcontainerkunj",
            "metadata": {},
            "name": "mytfcontainerkunj",
            "resource_manager_id": "/subscriptions/1fa1a9c3-81cd-48df-a881-db0ab03578f0/resourceGroups/myTFResourceGroup/providers/Microsoft.Storage/storageAccounts/mytfstoragekunj/blobServices/default/containers/mytfcontainerkunj",
            "storage_account_name": "mytfstoragekunj",
            "timeouts": null
          },
          "sensitive_attributes": [],
          "private": "eyJlMmJmYjczMC1lY2FhLTExZTYtOGY4OC0zNDM2M2JjN2M0YzAiOnsiY3JlYXRlIjoxODAwMDAwMDAwMDAwLCJkZWxldGUiOjE4MDAwMDAwMDAwMDAsInJlYWQiOjMwMDAwMDAwMDAwMCwidXBkYXRlIjoxODAwMDAwMDAwMDAwfSwic2NoZW1hX3ZlcnNpb24iOiIxIn0="
        }
      ]
    }
  ],
  "check_results": null
}
