{
  "version": 4,
  "terraform_version": "1.3.9",
  "serial": 2,
  "lineage": "497966f6-8f2d-0f73-ceb9-10fecf7cc3b0",
  "outputs": {
    "Gmap": {
      "value": "hello age of Kunj Pathak is 22",
      "type": "string"
    },
    "firstBLock_json": {
      "value": "hello with json",
      "type": "string"
    },
    "firstBlock": {
      "value": "Hello inital program in terraform",
      "type": "string"
    },
    "nList": {
      "value": "KUNJ",
      "type": "string"
    },
    "pList": {
      "value": "1--\u003e2--\u003e3--\u003e4--\u003e5--\u003e6--\u003e7--\u003e8--\u003e9--\u003e0",
      "type": "string"
    },
    "pListm": {
      "value": "Printing the List at zeroth index is 1 and first is 2",
      "type": "string"
    },
    "printDef": {
      "value": "printing default val if not set otherwise, give string with command",
      "type": "string"
    },
    "printName": {
      "value": "Hello Welcome to terraform, Kunj Pathak",
      "type": "string"
    },
    "typedVar": {
      "value": "your choosed number is, 12",
      "type": "string"
    }
  },
  "resources": [
    {
      "mode": "managed",
      "type": "github_repository",
      "name": "myTerraformPractice",
      "provider": "provider[\"registry.terraform.io/hashicorp/github\"]",
      "instances": [
        {
          "schema_version": 1,
          "attributes": {
            "allow_auto_merge": false,
            "allow_merge_commit": true,
            "allow_rebase_merge": true,
            "allow_squash_merge": true,
            "allow_update_branch": false,
            "archive_on_destroy": null,
            "archived": false,
            "auto_init": true,
            "default_branch": "main",
            "delete_branch_on_merge": false,
            "description": "repo created through teraform automation",
            "etag": "W/\"eb9c204afe09b8c087edd1ed064a5eb0b7f730a3fafbb18428b1e30bf39eb01c\"",
            "full_name": "KunjPathak12/myTerraformPractice",
            "git_clone_url": "git://github.com/KunjPathak12/myTerraformPractice.git",
            "gitignore_template": null,
            "has_discussions": false,
            "has_downloads": false,
            "has_issues": false,
            "has_projects": false,
            "has_wiki": false,
            "homepage_url": "",
            "html_url": "https://github.com/KunjPathak12/myTerraformPractice",
            "http_clone_url": "https://github.com/KunjPathak12/myTerraformPractice.git",
            "id": "myTerraformPractice",
            "ignore_vulnerability_alerts_during_read": null,
            "is_template": false,
            "license_template": null,
            "merge_commit_message": "PR_TITLE",
            "merge_commit_title": "MERGE_MESSAGE",
            "name": "myTerraformPractice",
            "node_id": "R_kgDOJKySUg",
            "pages": [],
            "private": false,
            "repo_id": 615289426,
            "security_and_analysis": [
              {
                "advanced_security": [],
                "secret_scanning": [
                  {
                    "status": "disabled"
                  }
                ],
                "secret_scanning_push_protection": [
                  {
                    "status": "disabled"
                  }
                ]
              }
            ],
            "squash_merge_commit_message": "COMMIT_MESSAGES",
            "squash_merge_commit_title": "COMMIT_OR_PR_TITLE",
            "ssh_clone_url": "git@github.com:KunjPathak12/myTerraformPractice.git",
            "svn_url": "https://github.com/KunjPathak12/myTerraformPractice",
            "template": [],
            "topics": null,
            "visibility": "public",
            "vulnerability_alerts": false
          },
          "sensitive_attributes": [],
          "private": "eyJzY2hlbWFfdmVyc2lvbiI6IjEifQ=="
        }
      ]
    }
  ],
  "check_results": null
}
